
Microsoft Visual Studio Solution File, Format Version 12.00
# Visual Studio Version 17
VisualStudioVersion = 17.8.34322.80
MinimumVisualStudioVersion = 10.0.40219.1
Project("{FAE04EC0-301F-11D3-BF4B-00C04F79EFBC}") = "server", "server.csproj", "{DCE380C1-3C2B-4FDD-9E67-E102CD6F2C16}"
EndProject
Project("{2150E333-8FDC-42A3-9474-1A3956D46DE8}") = "Solution Items", "Solution Items", "{81826301-EF2D-49C0-9385-3EFD74A7B98F}"
	ProjectSection(SolutionItems) = preProject
		..\..\proto\generic\v1\generic.proto = ..\..\proto\generic\v1\generic.proto
	EndProjectSection
EndProject
Global
	GlobalSection(SolutionConfigurationPlatforms) = preSolution
		Debug|Any CPU = Debug|Any CPU
		Release|Any CPU = Release|Any CPU
	EndGlobalSection
	GlobalSection(ProjectConfigurationPlatforms) = postSolution
		{DCE380C1-3C2B-4FDD-9E67-E102CD6F2C16}.Debug|Any CPU.ActiveCfg = Debug|Any CPU
		{DCE380C1-3C2B-4FDD-9E67-E102CD6F2C16}.Debug|Any CPU.Build.0 = Debug|Any CPU
		{DCE380C1-3C2B-4FDD-9E67-E102CD6F2C16}.Release|Any CPU.ActiveCfg = Release|Any CPU
		{DCE380C1-3C2B-4FDD-9E67-E102CD6F2C16}.Release|Any CPU.Build.0 = Release|Any CPU
	EndGlobalSection
	GlobalSection(SolutionProperties) = preSolution
		HideSolutionNode = FALSE
	EndGlobalSection
	GlobalSection(ExtensibilityGlobals) = postSolution
		SolutionGuid = {8E162A95-46DD-4FA8-89EF-B7D15A73BFD9}
	EndGlobalSection
EndGlobal
